
Microsoft Visual Studio Solution File, Format Version 12.00
# Visual Studio Version 16
VisualStudioVersion = 16.0.32929.386
MinimumVisualStudioVersion = 10.0.40219.1
Project("{FAE04EC0-301F-11D3-BF4B-00C04F79EFBC}") = "DataAccess", "DataAccess\DataAccess.csproj", "{384EF1DA-0C76-4AF4-BED4-97084E7744B4}"
EndProject
Project("{FAE04EC0-301F-11D3-BF4B-00C04F79EFBC}") = "Domain", "Domain\Domain.csproj", "{74C673FB-8150-41C3-BA32-67679D0843FC}"
EndProject
Project("{FAE04EC0-301F-11D3-BF4B-00C04F79EFBC}") = "Presentation", "Presentation\Presentation.csproj", "{536131B6-69FF-41DE-BCFD-871B9E80E04D}"
EndProject
Global
	GlobalSection(SolutionConfigurationPlatforms) = preSolution
		Debug|Any CPU = Debug|Any CPU
		Release|Any CPU = Release|Any CPU
	EndGlobalSection
	GlobalSection(ProjectConfigurationPlatforms) = postSolution
		{384EF1DA-0C76-4AF4-BED4-97084E7744B4}.Debug|Any CPU.ActiveCfg = Debug|Any CPU
		{384EF1DA-0C76-4AF4-BED4-97084E7744B4}.Debug|Any CPU.Build.0 = Debug|Any CPU
		{384EF1DA-0C76-4AF4-BED4-97084E7744B4}.Release|Any CPU.ActiveCfg = Release|Any CPU
		{384EF1DA-0C76-4AF4-BED4-97084E7744B4}.Release|Any CPU.Build.0 = Release|Any CPU
		{74C673FB-8150-41C3-BA32-67679D0843FC}.Debug|Any CPU.ActiveCfg = Debug|Any CPU
		{74C673FB-8150-41C3-BA32-67679D0843FC}.Debug|Any CPU.Build.0 = Debug|Any CPU
		{74C673FB-8150-41C3-BA32-67679D0843FC}.Release|Any CPU.ActiveCfg = Release|Any CPU
		{74C673FB-8150-41C3-BA32-67679D0843FC}.Release|Any CPU.Build.0 = Release|Any CPU
		{536131B6-69FF-41DE-BCFD-871B9E80E04D}.Debug|Any CPU.ActiveCfg = Debug|Any CPU
		{536131B6-69FF-41DE-BCFD-871B9E80E04D}.Debug|Any CPU.Build.0 = Debug|Any CPU
		{536131B6-69FF-41DE-BCFD-871B9E80E04D}.Release|Any CPU.ActiveCfg = Release|Any CPU
		{536131B6-69FF-41DE-BCFD-871B9E80E04D}.Release|Any CPU.Build.0 = Release|Any CPU
	EndGlobalSection
	GlobalSection(SolutionProperties) = preSolution
		HideSolutionNode = FALSE
	EndGlobalSection
	GlobalSection(ExtensibilityGlobals) = postSolution
		SolutionGuid = {D4228AA9-DFEA-4683-B63E-EE57AFB081B4}
	EndGlobalSection
EndGlobal
